{
  "name": "dev-training",
  "lockfileVersion": 3,
  "requires": true,
  "packages": {
    "": {
      "name": "dev-training",
      "dependencies": {
        "@picocss/pico": "*"
      }
    },
    "node_modules/@picocss/pico": {
      "version": "2.0.6",
      "license": "MIT",
      "engines": {
        "node": ">=18.19.0"
      }
    }
  }
}
