# THIS IS AN AUTOGENERATED FILE. DO NOT EDIT THIS FILE DIRECTLY.
# yarn lockfile v1


"@picocss/pico@*":
  version "2.0.0"
  resolved "https://registry.yarnpkg.com/@picocss/pico/-/pico-2.0.0.tgz#6596da9476da9eec3f1e9b7242510ebe5ba8c7e7"
  integrity sha512-LYg6xfmP3tBeciIiAzH3PF6bM8oPJTl2idDKHuot1RQdc9v2MZsaiF3B6jW9MIPuTFPlzelwnuuYZSp28MU10w==
