# THIS IS AN AUTOGENERATED FILE. DO NOT EDIT THIS FILE DIRECTLY.
# yarn lockfile v1


"@picocss/pico@*":
  version "2.0.3"
  resolved "https://registry.yarnpkg.com/@picocss/pico/-/pico-2.0.3.tgz#fdd29bfd5a8e8e037d3d5b65308cccff52c2a526"
  integrity sha512-uIWvDcZnbA+oo4mpz8LeA05huCWbDnUz8Ad2NZXTFn6SrEXBtIdKDu+/bOD4oI8hJHp6dUEEvDLim2+qqSgruQ==
